
Microsoft Visual Studio Solution File, Format Version 12.00
# Visual Studio Version 16
VisualStudioVersion = 16.0.31729.503
MinimumVisualStudioVersion = 10.0.40219.1
Project("{FAE04EC0-301F-11D3-BF4B-00C04F79EFBC}") = "Environment Manager", "EnvironmentManager4\Environment Manager.csproj", "{3EEC3708-66E4-42B4-BDBA-D854741FC51A}"
EndProject
Project("{54435603-DBB4-11D2-8724-00A0C9A8B90C}") = "EnvMgr Setup", "EnvMgr Setup\EnvMgr Setup.vdproj", "{9EE97A85-C0B8-4A22-A8C9-EB077FA8D08C}"
EndProject
Project("{FAE04EC0-301F-11D3-BF4B-00C04F79EFBC}") = "DLLManager", "DLLManager\DLLManager.csproj", "{9C96C620-6A00-4356-BCF3-AC3832CE9196}"
EndProject
Global
	GlobalSection(SolutionConfigurationPlatforms) = preSolution
		Debug|Any CPU = Debug|Any CPU
		Release|Any CPU = Release|Any CPU
	EndGlobalSection
	GlobalSection(ProjectConfigurationPlatforms) = postSolution
		{3EEC3708-66E4-42B4-BDBA-D854741FC51A}.Debug|Any CPU.ActiveCfg = Debug|Any CPU
		{3EEC3708-66E4-42B4-BDBA-D854741FC51A}.Debug|Any CPU.Build.0 = Debug|Any CPU
		{3EEC3708-66E4-42B4-BDBA-D854741FC51A}.Release|Any CPU.ActiveCfg = Release|Any CPU
		{3EEC3708-66E4-42B4-BDBA-D854741FC51A}.Release|Any CPU.Build.0 = Release|Any CPU
		{9EE97A85-C0B8-4A22-A8C9-EB077FA8D08C}.Debug|Any CPU.ActiveCfg = Debug
		{9EE97A85-C0B8-4A22-A8C9-EB077FA8D08C}.Release|Any CPU.ActiveCfg = Release
		{9C96C620-6A00-4356-BCF3-AC3832CE9196}.Debug|Any CPU.ActiveCfg = Debug|Any CPU
		{9C96C620-6A00-4356-BCF3-AC3832CE9196}.Debug|Any CPU.Build.0 = Debug|Any CPU
		{9C96C620-6A00-4356-BCF3-AC3832CE9196}.Release|Any CPU.ActiveCfg = Release|Any CPU
		{9C96C620-6A00-4356-BCF3-AC3832CE9196}.Release|Any CPU.Build.0 = Release|Any CPU
	EndGlobalSection
	GlobalSection(SolutionProperties) = preSolution
		HideSolutionNode = FALSE
	EndGlobalSection
	GlobalSection(ExtensibilityGlobals) = postSolution
		SolutionGuid = {014B7A51-5D1D-4D6E-A824-75E18F41C7AA}
	EndGlobalSection
EndGlobal
